
Microsoft Visual Studio Solution File, Format Version 12.00
# Visual Studio 15
VisualStudioVersion = 15.0.28307.705
MinimumVisualStudioVersion = 10.0.40219.1
Project("{2150E333-8FDC-42A3-9474-1A3956D46DE8}") = "1 Distributed Services", "1 Distributed Services", "{1F953B7F-4C96-4AD6-A7A4-EAA4CB878F72}"
EndProject
Project("{2150E333-8FDC-42A3-9474-1A3956D46DE8}") = "2 Application", "2 Application", "{180C8FD0-668D-4A52-8A71-448B8BA2F9C1}"
EndProject
Project("{2150E333-8FDC-42A3-9474-1A3956D46DE8}") = "3 Domain", "3 Domain", "{2330D7FF-3D2F-4327-BF15-2F49EE39CED2}"
EndProject
Project("{FAE04EC0-301F-11D3-BF4B-00C04F79EFBC}") = "WebService", "WebService\WebService.csproj", "{E29D7296-7D6C-4927-9B36-452D24DF4136}"
EndProject
Project("{FAE04EC0-301F-11D3-BF4B-00C04F79EFBC}") = "Application", "Application\Application.csproj", "{96B05354-2789-40E9-9164-66B500BFD376}"
EndProject
Project("{FAE04EC0-301F-11D3-BF4B-00C04F79EFBC}") = "Domain", "Domain\Domain.csproj", "{52760DF1-F3D7-493F-BE96-ECF456935C85}"
EndProject
Project("{2150E333-8FDC-42A3-9474-1A3956D46DE8}") = "4 Infrastructure", "4 Infrastructure", "{F4474DAF-BE45-4B21-99BB-C615B4A3FFB2}"
EndProject
Project("{FAE04EC0-301F-11D3-BF4B-00C04F79EFBC}") = "Persistence", "Persistence\Persistence.csproj", "{56BD6996-CAF5-4097-BB0B-FEE0B8A2DAA9}"
EndProject
Project("{FAE04EC0-301F-11D3-BF4B-00C04F79EFBC}") = "Transversal", "Transversal\Transversal.csproj", "{A1728ED9-5CC2-4B4B-90C4-838FB67B9B2C}"
EndProject
Project("{FAE04EC0-301F-11D3-BF4B-00C04F79EFBC}") = "WebService_UnitTest", "WebService_UnitTest\WebService_UnitTest.csproj", "{247BE770-F150-4D30-8176-A9649AFD3327}"
EndProject
Project("{FAE04EC0-301F-11D3-BF4B-00C04F79EFBC}") = "Application_UnitTest", "Application_UnitTest\Application_UnitTest.csproj", "{59F87C6A-D5DC-488D-B168-6F1E3B1A2DF9}"
EndProject
Project("{FAE04EC0-301F-11D3-BF4B-00C04F79EFBC}") = "Domain_UnitTest", "Domain_UnitTest\Domain_UnitTest.csproj", "{DC36BE25-6402-43DE-9E3E-720D669F5288}"
EndProject
Project("{FAE04EC0-301F-11D3-BF4B-00C04F79EFBC}") = "Persistence_UnitTest", "Persistence_UnitTest\Persistence_UnitTest.csproj", "{D70BCBD8-FF82-4D1A-86C2-D9942A5278F9}"
EndProject
Project("{FAE04EC0-301F-11D3-BF4B-00C04F79EFBC}") = "Transversal_UnitTest", "Transversal_UnitTest\Transversal_UnitTest.csproj", "{062B5F17-3E82-466F-8767-A94EB9AE6215}"
EndProject
Project("{2150E333-8FDC-42A3-9474-1A3956D46DE8}") = "0 Client", "0 Client", "{5A316E66-E137-45D3-8637-36E9634E5497}"
EndProject
Project("{FAE04EC0-301F-11D3-BF4B-00C04F79EFBC}") = "RebelIdentificationClient", "RebelIdentificationClient\RebelIdentificationClient.csproj", "{BA27B984-6B27-44BD-B6F3-F91E14A81CE1}"
	ProjectSection(ProjectDependencies) = postProject
		{E29D7296-7D6C-4927-9B36-452D24DF4136} = {E29D7296-7D6C-4927-9B36-452D24DF4136}
	EndProjectSection
EndProject
Global
	GlobalSection(SolutionConfigurationPlatforms) = preSolution
		Debug|Any CPU = Debug|Any CPU
		Debug|ARM = Debug|ARM
		Debug|ARM64 = Debug|ARM64
		Debug|x64 = Debug|x64
		Debug|x86 = Debug|x86
		Release|Any CPU = Release|Any CPU
		Release|ARM = Release|ARM
		Release|ARM64 = Release|ARM64
		Release|x64 = Release|x64
		Release|x86 = Release|x86
	EndGlobalSection
	GlobalSection(ProjectConfigurationPlatforms) = postSolution
		{E29D7296-7D6C-4927-9B36-452D24DF4136}.Debug|Any CPU.ActiveCfg = Debug|Any CPU
		{E29D7296-7D6C-4927-9B36-452D24DF4136}.Debug|Any CPU.Build.0 = Debug|Any CPU
		{E29D7296-7D6C-4927-9B36-452D24DF4136}.Debug|ARM.ActiveCfg = Debug|Any CPU
		{E29D7296-7D6C-4927-9B36-452D24DF4136}.Debug|ARM.Build.0 = Debug|Any CPU
		{E29D7296-7D6C-4927-9B36-452D24DF4136}.Debug|ARM64.ActiveCfg = Debug|Any CPU
		{E29D7296-7D6C-4927-9B36-452D24DF4136}.Debug|ARM64.Build.0 = Debug|Any CPU
		{E29D7296-7D6C-4927-9B36-452D24DF4136}.Debug|x64.ActiveCfg = Debug|Any CPU
		{E29D7296-7D6C-4927-9B36-452D24DF4136}.Debug|x64.Build.0 = Debug|Any CPU
		{E29D7296-7D6C-4927-9B36-452D24DF4136}.Debug|x86.ActiveCfg = Debug|Any CPU
		{E29D7296-7D6C-4927-9B36-452D24DF4136}.Debug|x86.Build.0 = Debug|Any CPU
		{E29D7296-7D6C-4927-9B36-452D24DF4136}.Release|Any CPU.ActiveCfg = Release|Any CPU
		{E29D7296-7D6C-4927-9B36-452D24DF4136}.Release|Any CPU.Build.0 = Release|Any CPU
		{E29D7296-7D6C-4927-9B36-452D24DF4136}.Release|ARM.ActiveCfg = Release|Any CPU
		{E29D7296-7D6C-4927-9B36-452D24DF4136}.Release|ARM.Build.0 = Release|Any CPU
		{E29D7296-7D6C-4927-9B36-452D24DF4136}.Release|ARM64.ActiveCfg = Release|Any CPU
		{E29D7296-7D6C-4927-9B36-452D24DF4136}.Release|ARM64.Build.0 = Release|Any CPU
		{E29D7296-7D6C-4927-9B36-452D24DF4136}.Release|x64.ActiveCfg = Release|Any CPU
		{E29D7296-7D6C-4927-9B36-452D24DF4136}.Release|x64.Build.0 = Release|Any CPU
		{E29D7296-7D6C-4927-9B36-452D24DF4136}.Release|x86.ActiveCfg = Release|Any CPU
		{E29D7296-7D6C-4927-9B36-452D24DF4136}.Release|x86.Build.0 = Release|Any CPU
		{96B05354-2789-40E9-9164-66B500BFD376}.Debug|Any CPU.ActiveCfg = Debug|Any CPU
		{96B05354-2789-40E9-9164-66B500BFD376}.Debug|Any CPU.Build.0 = Debug|Any CPU
		{96B05354-2789-40E9-9164-66B500BFD376}.Debug|ARM.ActiveCfg = Debug|Any CPU
		{96B05354-2789-40E9-9164-66B500BFD376}.Debug|ARM.Build.0 = Debug|Any CPU
		{96B05354-2789-40E9-9164-66B500BFD376}.Debug|ARM64.ActiveCfg = Debug|Any CPU
		{96B05354-2789-40E9-9164-66B500BFD376}.Debug|ARM64.Build.0 = Debug|Any CPU
		{96B05354-2789-40E9-9164-66B500BFD376}.Debug|x64.ActiveCfg = Debug|Any CPU
		{96B05354-2789-40E9-9164-66B500BFD376}.Debug|x64.Build.0 = Debug|Any CPU
		{96B05354-2789-40E9-9164-66B500BFD376}.Debug|x86.ActiveCfg = Debug|Any CPU
		{96B05354-2789-40E9-9164-66B500BFD376}.Debug|x86.Build.0 = Debug|Any CPU
		{96B05354-2789-40E9-9164-66B500BFD376}.Release|Any CPU.ActiveCfg = Release|Any CPU
		{96B05354-2789-40E9-9164-66B500BFD376}.Release|Any CPU.Build.0 = Release|Any CPU
		{96B05354-2789-40E9-9164-66B500BFD376}.Release|ARM.ActiveCfg = Release|Any CPU
		{96B05354-2789-40E9-9164-66B500BFD376}.Release|ARM.Build.0 = Release|Any CPU
		{96B05354-2789-40E9-9164-66B500BFD376}.Release|ARM64.ActiveCfg = Release|Any CPU
		{96B05354-2789-40E9-9164-66B500BFD376}.Release|ARM64.Build.0 = Release|Any CPU
		{96B05354-2789-40E9-9164-66B500BFD376}.Release|x64.ActiveCfg = Release|Any CPU
		{96B05354-2789-40E9-9164-66B500BFD376}.Release|x64.Build.0 = Release|Any CPU
		{96B05354-2789-40E9-9164-66B500BFD376}.Release|x86.ActiveCfg = Release|Any CPU
		{96B05354-2789-40E9-9164-66B500BFD376}.Release|x86.Build.0 = Release|Any CPU
		{52760DF1-F3D7-493F-BE96-ECF456935C85}.Debug|Any CPU.ActiveCfg = Debug|Any CPU
		{52760DF1-F3D7-493F-BE96-ECF456935C85}.Debug|Any CPU.Build.0 = Debug|Any CPU
		{52760DF1-F3D7-493F-BE96-ECF456935C85}.Debug|ARM.ActiveCfg = Debug|Any CPU
		{52760DF1-F3D7-493F-BE96-ECF456935C85}.Debug|ARM.Build.0 = Debug|Any CPU
		{52760DF1-F3D7-493F-BE96-ECF456935C85}.Debug|ARM64.ActiveCfg = Debug|Any CPU
		{52760DF1-F3D7-493F-BE96-ECF456935C85}.Debug|ARM64.Build.0 = Debug|Any CPU
		{52760DF1-F3D7-493F-BE96-ECF456935C85}.Debug|x64.ActiveCfg = Debug|Any CPU
		{52760DF1-F3D7-493F-BE96-ECF456935C85}.Debug|x64.Build.0 = Debug|Any CPU
		{52760DF1-F3D7-493F-BE96-ECF456935C85}.Debug|x86.ActiveCfg = Debug|Any CPU
		{52760DF1-F3D7-493F-BE96-ECF456935C85}.Debug|x86.Build.0 = Debug|Any CPU
		{52760DF1-F3D7-493F-BE96-ECF456935C85}.Release|Any CPU.ActiveCfg = Release|Any CPU
		{52760DF1-F3D7-493F-BE96-ECF456935C85}.Release|Any CPU.Build.0 = Release|Any CPU
		{52760DF1-F3D7-493F-BE96-ECF456935C85}.Release|ARM.ActiveCfg = Release|Any CPU
		{52760DF1-F3D7-493F-BE96-ECF456935C85}.Release|ARM.Build.0 = Release|Any CPU
		{52760DF1-F3D7-493F-BE96-ECF456935C85}.Release|ARM64.ActiveCfg = Release|Any CPU
		{52760DF1-F3D7-493F-BE96-ECF456935C85}.Release|ARM64.Build.0 = Release|Any CPU
		{52760DF1-F3D7-493F-BE96-ECF456935C85}.Release|x64.ActiveCfg = Release|Any CPU
		{52760DF1-F3D7-493F-BE96-ECF456935C85}.Release|x64.Build.0 = Release|Any CPU
		{52760DF1-F3D7-493F-BE96-ECF456935C85}.Release|x86.ActiveCfg = Release|Any CPU
		{52760DF1-F3D7-493F-BE96-ECF456935C85}.Release|x86.Build.0 = Release|Any CPU
		{56BD6996-CAF5-4097-BB0B-FEE0B8A2DAA9}.Debug|Any CPU.ActiveCfg = Debug|Any CPU
		{56BD6996-CAF5-4097-BB0B-FEE0B8A2DAA9}.Debug|Any CPU.Build.0 = Debug|Any CPU
		{56BD6996-CAF5-4097-BB0B-FEE0B8A2DAA9}.Debug|ARM.ActiveCfg = Debug|Any CPU
		{56BD6996-CAF5-4097-BB0B-FEE0B8A2DAA9}.Debug|ARM.Build.0 = Debug|Any CPU
		{56BD6996-CAF5-4097-BB0B-FEE0B8A2DAA9}.Debug|ARM64.ActiveCfg = Debug|Any CPU
		{56BD6996-CAF5-4097-BB0B-FEE0B8A2DAA9}.Debug|ARM64.Build.0 = Debug|Any CPU
		{56BD6996-CAF5-4097-BB0B-FEE0B8A2DAA9}.Debug|x64.ActiveCfg = Debug|Any CPU
		{56BD6996-CAF5-4097-BB0B-FEE0B8A2DAA9}.Debug|x64.Build.0 = Debug|Any CPU
		{56BD6996-CAF5-4097-BB0B-FEE0B8A2DAA9}.Debug|x86.ActiveCfg = Debug|Any CPU
		{56BD6996-CAF5-4097-BB0B-FEE0B8A2DAA9}.Debug|x86.Build.0 = Debug|Any CPU
		{56BD6996-CAF5-4097-BB0B-FEE0B8A2DAA9}.Release|Any CPU.ActiveCfg = Release|Any CPU
		{56BD6996-CAF5-4097-BB0B-FEE0B8A2DAA9}.Release|Any CPU.Build.0 = Release|Any CPU
		{56BD6996-CAF5-4097-BB0B-FEE0B8A2DAA9}.Release|ARM.ActiveCfg = Release|Any CPU
		{56BD6996-CAF5-4097-BB0B-FEE0B8A2DAA9}.Release|ARM.Build.0 = Release|Any CPU
		{56BD6996-CAF5-4097-BB0B-FEE0B8A2DAA9}.Release|ARM64.ActiveCfg = Release|Any CPU
		{56BD6996-CAF5-4097-BB0B-FEE0B8A2DAA9}.Release|ARM64.Build.0 = Release|Any CPU
		{56BD6996-CAF5-4097-BB0B-FEE0B8A2DAA9}.Release|x64.ActiveCfg = Release|Any CPU
		{56BD6996-CAF5-4097-BB0B-FEE0B8A2DAA9}.Release|x64.Build.0 = Release|Any CPU
		{56BD6996-CAF5-4097-BB0B-FEE0B8A2DAA9}.Release|x86.ActiveCfg = Release|Any CPU
		{56BD6996-CAF5-4097-BB0B-FEE0B8A2DAA9}.Release|x86.Build.0 = Release|Any CPU
		{A1728ED9-5CC2-4B4B-90C4-838FB67B9B2C}.Debug|Any CPU.ActiveCfg = Debug|Any CPU
		{A1728ED9-5CC2-4B4B-90C4-838FB67B9B2C}.Debug|Any CPU.Build.0 = Debug|Any CPU
		{A1728ED9-5CC2-4B4B-90C4-838FB67B9B2C}.Debug|ARM.ActiveCfg = Debug|Any CPU
		{A1728ED9-5CC2-4B4B-90C4-838FB67B9B2C}.Debug|ARM.Build.0 = Debug|Any CPU
		{A1728ED9-5CC2-4B4B-90C4-838FB67B9B2C}.Debug|ARM64.ActiveCfg = Debug|Any CPU
		{A1728ED9-5CC2-4B4B-90C4-838FB67B9B2C}.Debug|ARM64.Build.0 = Debug|Any CPU
		{A1728ED9-5CC2-4B4B-90C4-838FB67B9B2C}.Debug|x64.ActiveCfg = Debug|Any CPU
		{A1728ED9-5CC2-4B4B-90C4-838FB67B9B2C}.Debug|x64.Build.0 = Debug|Any CPU
		{A1728ED9-5CC2-4B4B-90C4-838FB67B9B2C}.Debug|x86.ActiveCfg = Debug|Any CPU
		{A1728ED9-5CC2-4B4B-90C4-838FB67B9B2C}.Debug|x86.Build.0 = Debug|Any CPU
		{A1728ED9-5CC2-4B4B-90C4-838FB67B9B2C}.Release|Any CPU.ActiveCfg = Release|Any CPU
		{A1728ED9-5CC2-4B4B-90C4-838FB67B9B2C}.Release|Any CPU.Build.0 = Release|Any CPU
		{A1728ED9-5CC2-4B4B-90C4-838FB67B9B2C}.Release|ARM.ActiveCfg = Release|Any CPU
		{A1728ED9-5CC2-4B4B-90C4-838FB67B9B2C}.Release|ARM.Build.0 = Release|Any CPU
		{A1728ED9-5CC2-4B4B-90C4-838FB67B9B2C}.Release|ARM64.ActiveCfg = Release|Any CPU
		{A1728ED9-5CC2-4B4B-90C4-838FB67B9B2C}.Release|ARM64.Build.0 = Release|Any CPU
		{A1728ED9-5CC2-4B4B-90C4-838FB67B9B2C}.Release|x64.ActiveCfg = Release|Any CPU
		{A1728ED9-5CC2-4B4B-90C4-838FB67B9B2C}.Release|x64.Build.0 = Release|Any CPU
		{A1728ED9-5CC2-4B4B-90C4-838FB67B9B2C}.Release|x86.ActiveCfg = Release|Any CPU
		{A1728ED9-5CC2-4B4B-90C4-838FB67B9B2C}.Release|x86.Build.0 = Release|Any CPU
		{247BE770-F150-4D30-8176-A9649AFD3327}.Debug|Any CPU.ActiveCfg = Debug|Any CPU
		{247BE770-F150-4D30-8176-A9649AFD3327}.Debug|Any CPU.Build.0 = Debug|Any CPU
		{247BE770-F150-4D30-8176-A9649AFD3327}.Debug|ARM.ActiveCfg = Debug|Any CPU
		{247BE770-F150-4D30-8176-A9649AFD3327}.Debug|ARM.Build.0 = Debug|Any CPU
		{247BE770-F150-4D30-8176-A9649AFD3327}.Debug|ARM64.ActiveCfg = Debug|Any CPU
		{247BE770-F150-4D30-8176-A9649AFD3327}.Debug|ARM64.Build.0 = Debug|Any CPU
		{247BE770-F150-4D30-8176-A9649AFD3327}.Debug|x64.ActiveCfg = Debug|Any CPU
		{247BE770-F150-4D30-8176-A9649AFD3327}.Debug|x64.Build.0 = Debug|Any CPU
		{247BE770-F150-4D30-8176-A9649AFD3327}.Debug|x86.ActiveCfg = Debug|Any CPU
		{247BE770-F150-4D30-8176-A9649AFD3327}.Debug|x86.Build.0 = Debug|Any CPU
		{247BE770-F150-4D30-8176-A9649AFD3327}.Release|Any CPU.ActiveCfg = Release|Any CPU
		{247BE770-F150-4D30-8176-A9649AFD3327}.Release|Any CPU.Build.0 = Release|Any CPU
		{247BE770-F150-4D30-8176-A9649AFD3327}.Release|ARM.ActiveCfg = Release|Any CPU
		{247BE770-F150-4D30-8176-A9649AFD3327}.Release|ARM.Build.0 = Release|Any CPU
		{247BE770-F150-4D30-8176-A9649AFD3327}.Release|ARM64.ActiveCfg = Release|Any CPU
		{247BE770-F150-4D30-8176-A9649AFD3327}.Release|ARM64.Build.0 = Release|Any CPU
		{247BE770-F150-4D30-8176-A9649AFD3327}.Release|x64.ActiveCfg = Release|Any CPU
		{247BE770-F150-4D30-8176-A9649AFD3327}.Release|x64.Build.0 = Release|Any CPU
		{247BE770-F150-4D30-8176-A9649AFD3327}.Release|x86.ActiveCfg = Release|Any CPU
		{247BE770-F150-4D30-8176-A9649AFD3327}.Release|x86.Build.0 = Release|Any CPU
		{59F87C6A-D5DC-488D-B168-6F1E3B1A2DF9}.Debug|Any CPU.ActiveCfg = Debug|Any CPU
		{59F87C6A-D5DC-488D-B168-6F1E3B1A2DF9}.Debug|Any CPU.Build.0 = Debug|Any CPU
		{59F87C6A-D5DC-488D-B168-6F1E3B1A2DF9}.Debug|ARM.ActiveCfg = Debug|Any CPU
		{59F87C6A-D5DC-488D-B168-6F1E3B1A2DF9}.Debug|ARM.Build.0 = Debug|Any CPU
		{59F87C6A-D5DC-488D-B168-6F1E3B1A2DF9}.Debug|ARM64.ActiveCfg = Debug|Any CPU
		{59F87C6A-D5DC-488D-B168-6F1E3B1A2DF9}.Debug|ARM64.Build.0 = Debug|Any CPU
		{59F87C6A-D5DC-488D-B168-6F1E3B1A2DF9}.Debug|x64.ActiveCfg = Debug|Any CPU
		{59F87C6A-D5DC-488D-B168-6F1E3B1A2DF9}.Debug|x64.Build.0 = Debug|Any CPU
		{59F87C6A-D5DC-488D-B168-6F1E3B1A2DF9}.Debug|x86.ActiveCfg = Debug|Any CPU
		{59F87C6A-D5DC-488D-B168-6F1E3B1A2DF9}.Debug|x86.Build.0 = Debug|Any CPU
		{59F87C6A-D5DC-488D-B168-6F1E3B1A2DF9}.Release|Any CPU.ActiveCfg = Release|Any CPU
		{59F87C6A-D5DC-488D-B168-6F1E3B1A2DF9}.Release|Any CPU.Build.0 = Release|Any CPU
		{59F87C6A-D5DC-488D-B168-6F1E3B1A2DF9}.Release|ARM.ActiveCfg = Release|Any CPU
		{59F87C6A-D5DC-488D-B168-6F1E3B1A2DF9}.Release|ARM.Build.0 = Release|Any CPU
		{59F87C6A-D5DC-488D-B168-6F1E3B1A2DF9}.Release|ARM64.ActiveCfg = Release|Any CPU
		{59F87C6A-D5DC-488D-B168-6F1E3B1A2DF9}.Release|ARM64.Build.0 = Release|Any CPU
		{59F87C6A-D5DC-488D-B168-6F1E3B1A2DF9}.Release|x64.ActiveCfg = Release|Any CPU
		{59F87C6A-D5DC-488D-B168-6F1E3B1A2DF9}.Release|x64.Build.0 = Release|Any CPU
		{59F87C6A-D5DC-488D-B168-6F1E3B1A2DF9}.Release|x86.ActiveCfg = Release|Any CPU
		{59F87C6A-D5DC-488D-B168-6F1E3B1A2DF9}.Release|x86.Build.0 = Release|Any CPU
		{DC36BE25-6402-43DE-9E3E-720D669F5288}.Debug|Any CPU.ActiveCfg = Debug|Any CPU
		{DC36BE25-6402-43DE-9E3E-720D669F5288}.Debug|Any CPU.Build.0 = Debug|Any CPU
		{DC36BE25-6402-43DE-9E3E-720D669F5288}.Debug|ARM.ActiveCfg = Debug|Any CPU
		{DC36BE25-6402-43DE-9E3E-720D669F5288}.Debug|ARM.Build.0 = Debug|Any CPU
		{DC36BE25-6402-43DE-9E3E-720D669F5288}.Debug|ARM64.ActiveCfg = Debug|Any CPU
		{DC36BE25-6402-43DE-9E3E-720D669F5288}.Debug|ARM64.Build.0 = Debug|Any CPU
		{DC36BE25-6402-43DE-9E3E-720D669F5288}.Debug|x64.ActiveCfg = Debug|Any CPU
		{DC36BE25-6402-43DE-9E3E-720D669F5288}.Debug|x64.Build.0 = Debug|Any CPU
		{DC36BE25-6402-43DE-9E3E-720D669F5288}.Debug|x86.ActiveCfg = Debug|Any CPU
		{DC36BE25-6402-43DE-9E3E-720D669F5288}.Debug|x86.Build.0 = Debug|Any CPU
		{DC36BE25-6402-43DE-9E3E-720D669F5288}.Release|Any CPU.ActiveCfg = Release|Any CPU
		{DC36BE25-6402-43DE-9E3E-720D669F5288}.Release|Any CPU.Build.0 = Release|Any CPU
		{DC36BE25-6402-43DE-9E3E-720D669F5288}.Release|ARM.ActiveCfg = Release|Any CPU
		{DC36BE25-6402-43DE-9E3E-720D669F5288}.Release|ARM.Build.0 = Release|Any CPU
		{DC36BE25-6402-43DE-9E3E-720D669F5288}.Release|ARM64.ActiveCfg = Release|Any CPU
		{DC36BE25-6402-43DE-9E3E-720D669F5288}.Release|ARM64.Build.0 = Release|Any CPU
		{DC36BE25-6402-43DE-9E3E-720D669F5288}.Release|x64.ActiveCfg = Release|Any CPU
		{DC36BE25-6402-43DE-9E3E-720D669F5288}.Release|x64.Build.0 = Release|Any CPU
		{DC36BE25-6402-43DE-9E3E-720D669F5288}.Release|x86.ActiveCfg = Release|Any CPU
		{DC36BE25-6402-43DE-9E3E-720D669F5288}.Release|x86.Build.0 = Release|Any CPU
		{D70BCBD8-FF82-4D1A-86C2-D9942A5278F9}.Debug|Any CPU.ActiveCfg = Debug|Any CPU
		{D70BCBD8-FF82-4D1A-86C2-D9942A5278F9}.Debug|Any CPU.Build.0 = Debug|Any CPU
		{D70BCBD8-FF82-4D1A-86C2-D9942A5278F9}.Debug|ARM.ActiveCfg = Debug|Any CPU
		{D70BCBD8-FF82-4D1A-86C2-D9942A5278F9}.Debug|ARM.Build.0 = Debug|Any CPU
		{D70BCBD8-FF82-4D1A-86C2-D9942A5278F9}.Debug|ARM64.ActiveCfg = Debug|Any CPU
		{D70BCBD8-FF82-4D1A-86C2-D9942A5278F9}.Debug|ARM64.Build.0 = Debug|Any CPU
		{D70BCBD8-FF82-4D1A-86C2-D9942A5278F9}.Debug|x64.ActiveCfg = Debug|Any CPU
		{D70BCBD8-FF82-4D1A-86C2-D9942A5278F9}.Debug|x64.Build.0 = Debug|Any CPU
		{D70BCBD8-FF82-4D1A-86C2-D9942A5278F9}.Debug|x86.ActiveCfg = Debug|Any CPU
		{D70BCBD8-FF82-4D1A-86C2-D9942A5278F9}.Debug|x86.Build.0 = Debug|Any CPU
		{D70BCBD8-FF82-4D1A-86C2-D9942A5278F9}.Release|Any CPU.ActiveCfg = Release|Any CPU
		{D70BCBD8-FF82-4D1A-86C2-D9942A5278F9}.Release|Any CPU.Build.0 = Release|Any CPU
		{D70BCBD8-FF82-4D1A-86C2-D9942A5278F9}.Release|ARM.ActiveCfg = Release|Any CPU
		{D70BCBD8-FF82-4D1A-86C2-D9942A5278F9}.Release|ARM.Build.0 = Release|Any CPU
		{D70BCBD8-FF82-4D1A-86C2-D9942A5278F9}.Release|ARM64.ActiveCfg = Release|Any CPU
		{D70BCBD8-FF82-4D1A-86C2-D9942A5278F9}.Release|ARM64.Build.0 = Release|Any CPU
		{D70BCBD8-FF82-4D1A-86C2-D9942A5278F9}.Release|x64.ActiveCfg = Release|Any CPU
		{D70BCBD8-FF82-4D1A-86C2-D9942A5278F9}.Release|x64.Build.0 = Release|Any CPU
		{D70BCBD8-FF82-4D1A-86C2-D9942A5278F9}.Release|x86.ActiveCfg = Release|Any CPU
		{D70BCBD8-FF82-4D1A-86C2-D9942A5278F9}.Release|x86.Build.0 = Release|Any CPU
		{062B5F17-3E82-466F-8767-A94EB9AE6215}.Debug|Any CPU.ActiveCfg = Debug|Any CPU
		{062B5F17-3E82-466F-8767-A94EB9AE6215}.Debug|Any CPU.Build.0 = Debug|Any CPU
		{062B5F17-3E82-466F-8767-A94EB9AE6215}.Debug|ARM.ActiveCfg = Debug|Any CPU
		{062B5F17-3E82-466F-8767-A94EB9AE6215}.Debug|ARM.Build.0 = Debug|Any CPU
		{062B5F17-3E82-466F-8767-A94EB9AE6215}.Debug|ARM64.ActiveCfg = Debug|Any CPU
		{062B5F17-3E82-466F-8767-A94EB9AE6215}.Debug|ARM64.Build.0 = Debug|Any CPU
		{062B5F17-3E82-466F-8767-A94EB9AE6215}.Debug|x64.ActiveCfg = Debug|Any CPU
		{062B5F17-3E82-466F-8767-A94EB9AE6215}.Debug|x64.Build.0 = Debug|Any CPU
		{062B5F17-3E82-466F-8767-A94EB9AE6215}.Debug|x86.ActiveCfg = Debug|Any CPU
		{062B5F17-3E82-466F-8767-A94EB9AE6215}.Debug|x86.Build.0 = Debug|Any CPU
		{062B5F17-3E82-466F-8767-A94EB9AE6215}.Release|Any CPU.ActiveCfg = Release|Any CPU
		{062B5F17-3E82-466F-8767-A94EB9AE6215}.Release|Any CPU.Build.0 = Release|Any CPU
		{062B5F17-3E82-466F-8767-A94EB9AE6215}.Release|ARM.ActiveCfg = Release|Any CPU
		{062B5F17-3E82-466F-8767-A94EB9AE6215}.Release|ARM.Build.0 = Release|Any CPU
		{062B5F17-3E82-466F-8767-A94EB9AE6215}.Release|ARM64.ActiveCfg = Release|Any CPU
		{062B5F17-3E82-466F-8767-A94EB9AE6215}.Release|ARM64.Build.0 = Release|Any CPU
		{062B5F17-3E82-466F-8767-A94EB9AE6215}.Release|x64.ActiveCfg = Release|Any CPU
		{062B5F17-3E82-466F-8767-A94EB9AE6215}.Release|x64.Build.0 = Release|Any CPU
		{062B5F17-3E82-466F-8767-A94EB9AE6215}.Release|x86.ActiveCfg = Release|Any CPU
		{062B5F17-3E82-466F-8767-A94EB9AE6215}.Release|x86.Build.0 = Release|Any CPU
		{BA27B984-6B27-44BD-B6F3-F91E14A81CE1}.Debug|Any CPU.ActiveCfg = Debug|Any CPU
		{BA27B984-6B27-44BD-B6F3-F91E14A81CE1}.Debug|Any CPU.Build.0 = Debug|Any CPU
		{BA27B984-6B27-44BD-B6F3-F91E14A81CE1}.Debug|ARM.ActiveCfg = Debug|Any CPU
		{BA27B984-6B27-44BD-B6F3-F91E14A81CE1}.Debug|ARM.Build.0 = Debug|Any CPU
		{BA27B984-6B27-44BD-B6F3-F91E14A81CE1}.Debug|ARM64.ActiveCfg = Debug|Any CPU
		{BA27B984-6B27-44BD-B6F3-F91E14A81CE1}.Debug|ARM64.Build.0 = Debug|Any CPU
		{BA27B984-6B27-44BD-B6F3-F91E14A81CE1}.Debug|x64.ActiveCfg = Debug|Any CPU
		{BA27B984-6B27-44BD-B6F3-F91E14A81CE1}.Debug|x64.Build.0 = Debug|Any CPU
		{BA27B984-6B27-44BD-B6F3-F91E14A81CE1}.Debug|x86.ActiveCfg = Debug|Any CPU
		{BA27B984-6B27-44BD-B6F3-F91E14A81CE1}.Debug|x86.Build.0 = Debug|Any CPU
		{BA27B984-6B27-44BD-B6F3-F91E14A81CE1}.Release|Any CPU.ActiveCfg = Release|Any CPU
		{BA27B984-6B27-44BD-B6F3-F91E14A81CE1}.Release|Any CPU.Build.0 = Release|Any CPU
		{BA27B984-6B27-44BD-B6F3-F91E14A81CE1}.Release|ARM.ActiveCfg = Release|Any CPU
		{BA27B984-6B27-44BD-B6F3-F91E14A81CE1}.Release|ARM.Build.0 = Release|Any CPU
		{BA27B984-6B27-44BD-B6F3-F91E14A81CE1}.Release|ARM64.ActiveCfg = Release|Any CPU
		{BA27B984-6B27-44BD-B6F3-F91E14A81CE1}.Release|ARM64.Build.0 = Release|Any CPU
		{BA27B984-6B27-44BD-B6F3-F91E14A81CE1}.Release|x64.ActiveCfg = Release|Any CPU
		{BA27B984-6B27-44BD-B6F3-F91E14A81CE1}.Release|x64.Build.0 = Release|Any CPU
		{BA27B984-6B27-44BD-B6F3-F91E14A81CE1}.Release|x86.ActiveCfg = Release|Any CPU
		{BA27B984-6B27-44BD-B6F3-F91E14A81CE1}.Release|x86.Build.0 = Release|Any CPU
	EndGlobalSection
	GlobalSection(SolutionProperties) = preSolution
		HideSolutionNode = FALSE
	EndGlobalSection
	GlobalSection(NestedProjects) = preSolution
		{E29D7296-7D6C-4927-9B36-452D24DF4136} = {1F953B7F-4C96-4AD6-A7A4-EAA4CB878F72}
		{96B05354-2789-40E9-9164-66B500BFD376} = {180C8FD0-668D-4A52-8A71-448B8BA2F9C1}
		{52760DF1-F3D7-493F-BE96-ECF456935C85} = {2330D7FF-3D2F-4327-BF15-2F49EE39CED2}
		{56BD6996-CAF5-4097-BB0B-FEE0B8A2DAA9} = {F4474DAF-BE45-4B21-99BB-C615B4A3FFB2}
		{A1728ED9-5CC2-4B4B-90C4-838FB67B9B2C} = {F4474DAF-BE45-4B21-99BB-C615B4A3FFB2}
		{247BE770-F150-4D30-8176-A9649AFD3327} = {1F953B7F-4C96-4AD6-A7A4-EAA4CB878F72}
		{59F87C6A-D5DC-488D-B168-6F1E3B1A2DF9} = {180C8FD0-668D-4A52-8A71-448B8BA2F9C1}
		{DC36BE25-6402-43DE-9E3E-720D669F5288} = {2330D7FF-3D2F-4327-BF15-2F49EE39CED2}
		{D70BCBD8-FF82-4D1A-86C2-D9942A5278F9} = {F4474DAF-BE45-4B21-99BB-C615B4A3FFB2}
		{062B5F17-3E82-466F-8767-A94EB9AE6215} = {F4474DAF-BE45-4B21-99BB-C615B4A3FFB2}
		{BA27B984-6B27-44BD-B6F3-F91E14A81CE1} = {5A316E66-E137-45D3-8637-36E9634E5497}
	EndGlobalSection
	GlobalSection(ExtensibilityGlobals) = postSolution
		SolutionGuid = {06F917E0-829F-455E-8C35-67E4B760939C}
	EndGlobalSection
EndGlobal
